// !$*UTF8*$!
{
	archiveVersion = 1;
	classes = {
	};
	objectVersion = 46;
	objects = {

/* Begin PBXBuildFile section */
		EA0712D41D7D091A002F22A2 /* IndicatorHUD.swift in Sources */ = {isa = PBXBuildFile; fileRef = EA0712D31D7D091A002F22A2 /* IndicatorHUD.swift */; };
		EAB7D5C81DADD09300C00BE8 /* TextHUD.swift in Sources */ = {isa = PBXBuildFile; fileRef = EAB7D5C71DADD09300C00BE8 /* TextHUD.swift */; };
		EAB7D5CB1DADE2D700C00BE8 /* StringExtension.swift in Sources */ = {isa = PBXBuildFile; fileRef = EAB7D5CA1DADE2D700C00BE8 /* StringExtension.swift */; };
		EABE6DC01D796417006B8639 /* AppDelegate.swift in Sources */ = {isa = PBXBuildFile; fileRef = EABE6DBF1D796417006B8639 /* AppDelegate.swift */; };
		EABE6DC21D796417006B8639 /* ViewController.swift in Sources */ = {isa = PBXBuildFile; fileRef = EABE6DC11D796417006B8639 /* ViewController.swift */; };
		EABE6DC51D796417006B8639 /* Main.storyboard in Resources */ = {isa = PBXBuildFile; fileRef = EABE6DC31D796417006B8639 /* Main.storyboard */; };
		EABE6DC71D796417006B8639 /* Assets.xcassets in Resources */ = {isa = PBXBuildFile; fileRef = EABE6DC61D796417006B8639 /* Assets.xcassets */; };
		EABE6DCA1D796417006B8639 /* LaunchScreen.storyboard in Resources */ = {isa = PBXBuildFile; fileRef = EABE6DC81D796417006B8639 /* LaunchScreen.storyboard */; };
		EABE6DD51D7971ED006B8639 /* SwiftProgressHUD.swift in Sources */ = {isa = PBXBuildFile; fileRef = EABE6DD41D7971ED006B8639 /* SwiftProgressHUD.swift */; };
/* End PBXBuildFile section */

/* Begin PBXFileReference section */
		EA0712D31D7D091A002F22A2 /* IndicatorHUD.swift */ = {isa = PBXFileReference; fileEncoding = 4; lastKnownFileType = sourcecode.swift; path = IndicatorHUD.swift; sourceTree = "<group>"; };
		EAB7D5C71DADD09300C00BE8 /* TextHUD.swift */ = {isa = PBXFileReference; fileEncoding = 4; lastKnownFileType = sourcecode.swift; path = TextHUD.swift; sourceTree = "<group>"; };
		EAB7D5CA1DADE2D700C00BE8 /* StringExtension.swift */ = {isa = PBXFileReference; fileEncoding = 4; lastKnownFileType = sourcecode.swift; path = StringExtension.swift; sourceTree = "<group>"; };
		EABE6DBC1D796416006B8639 /* SwiftProgressHUD.app */ = {isa = PBXFileReference; explicitFileType = wrapper.application; includeInIndex = 0; path = SwiftProgressHUD.app; sourceTree = BUILT_PRODUCTS_DIR; };
		EABE6DBF1D796417006B8639 /* AppDelegate.swift */ = {isa = PBXFileReference; lastKnownFileType = sourcecode.swift; path = AppDelegate.swift; sourceTree = "<group>"; };
		EABE6DC11D796417006B8639 /* ViewController.swift */ = {isa = PBXFileReference; lastKnownFileType = sourcecode.swift; path = ViewController.swift; sourceTree = "<group>"; };
		EABE6DC41D796417006B8639 /* Base */ = {isa = PBXFileReference; lastKnownFileType = file.storyboard; name = Base; path = Base.lproj/Main.storyboard; sourceTree = "<group>"; };
		EABE6DC61D796417006B8639 /* Assets.xcassets */ = {isa = PBXFileReference; lastKnownFileType = folder.assetcatalog; path = Assets.xcassets; sourceTree = "<group>"; };
		EABE6DC91D796417006B8639 /* Base */ = {isa = PBXFileReference; lastKnownFileType = file.storyboard; name = Base; path = Base.lproj/LaunchScreen.storyboard; sourceTree = "<group>"; };
		EABE6DCB1D796417006B8639 /* Info.plist */ = {isa = PBXFileReference; lastKnownFileType = text.plist.xml; path = Info.plist; sourceTree = "<group>"; };
		EABE6DD41D7971ED006B8639 /* SwiftProgressHUD.swift */ = {isa = PBXFileReference; fileEncoding = 4; lastKnownFileType = sourcecode.swift; path = SwiftProgressHUD.swift; sourceTree = "<group>"; };
/* End PBXFileReference section */

/* Begin PBXFrameworksBuildPhase section */
		EABE6DB91D796416006B8639 /* Frameworks */ = {
			isa = PBXFrameworksBuildPhase;
			buildActionMask = 2147483647;
			files = (
			);
			runOnlyForDeploymentPostprocessing = 0;
		};
/* End PBXFrameworksBuildPhase section */

/* Begin PBXGroup section */
		EAB7D5C91DADE2B900C00BE8 /* Extension */ = {
			isa = PBXGroup;
			children = (
				EAB7D5CA1DADE2D700C00BE8 /* StringExtension.swift */,
			);
			name = Extension;
			sourceTree = "<group>";
		};
		EABE6DB31D796416006B8639 = {
			isa = PBXGroup;
			children = (
				EABE6DBE1D796417006B8639 /* SwiftProgressHUD */,
				EABE6DBD1D796416006B8639 /* Products */,
			);
			sourceTree = "<group>";
		};
		EABE6DBD1D796416006B8639 /* Products */ = {
			isa = PBXGroup;
			children = (
				EABE6DBC1D796416006B8639 /* SwiftProgressHUD.app */,
			);
			name = Products;
			sourceTree = "<group>";
		};
		EABE6DBE1D796417006B8639 /* SwiftProgressHUD */ = {
			isa = PBXGroup;
			children = (
				EAB7D5C91DADE2B900C00BE8 /* Extension */,
				EABE6DD11D796425006B8639 /* View */,
				EABE6DBF1D796417006B8639 /* AppDelegate.swift */,
				EABE6DD41D7971ED006B8639 /* SwiftProgressHUD.swift */,
				EABE6DC11D796417006B8639 /* ViewController.swift */,
				EABE6DC31D796417006B8639 /* Main.storyboard */,
				EABE6DC61D796417006B8639 /* Assets.xcassets */,
				EABE6DC81D796417006B8639 /* LaunchScreen.storyboard */,
				EABE6DCB1D796417006B8639 /* Info.plist */,
			);
			path = SwiftProgressHUD;
			sourceTree = "<group>";
		};
		EABE6DD11D796425006B8639 /* View */ = {
			isa = PBXGroup;
			children = (
				EA0712D31D7D091A002F22A2 /* IndicatorHUD.swift */,
				EAB7D5C71DADD09300C00BE8 /* TextHUD.swift */,
			);
			name = View;
			sourceTree = "<group>";
		};
/* End PBXGroup section */

/* Begin PBXNativeTarget section */
		EABE6DBB1D796416006B8639 /* SwiftProgressHUD */ = {
			isa = PBXNativeTarget;
			buildConfigurationList = EABE6DCE1D796417006B8639 /* Build configuration list for PBXNativeTarget "SwiftProgressHUD" */;
			buildPhases = (
				EABE6DB81D796416006B8639 /* Sources */,
				EABE6DB91D796416006B8639 /* Frameworks */,
				EABE6DBA1D796416006B8639 /* Resources */,
			);
			buildRules = (
			);
			dependencies = (
			);
			name = SwiftProgressHUD;
			productName = SwiftProgressHUD;
			productReference = EABE6DBC1D796416006B8639 /* SwiftProgressHUD.app */;
			productType = "com.apple.product-type.application";
		};
/* End PBXNativeTarget section */

/* Begin PBXProject section */
		EABE6DB41D796416006B8639 /* Project object */ = {
			isa = PBXProject;
			attributes = {
				LastSwiftUpdateCheck = 0730;
				LastUpgradeCheck = 0730;
				ORGANIZATIONNAME = li.min;
				TargetAttributes = {
					EABE6DBB1D796416006B8639 = {
						CreatedOnToolsVersion = 7.3.1;
						LastSwiftMigration = 0800;
					};
				};
			};
			buildConfigurationList = EABE6DB71D796416006B8639 /* Build configuration list for PBXProject "SwiftProgressHUD" */;
			compatibilityVersion = "Xcode 3.2";
			developmentRegion = English;
			hasScannedForEncodings = 0;
			knownRegions = (
				en,
				Base,
			);
			mainGroup = EABE6DB31D796416006B8639;
			productRefGroup = EABE6DBD1D796416006B8639 /* Products */;
			projectDirPath = "";
			projectRoot = "";
			targets = (
				EABE6DBB1D796416006B8639 /* SwiftProgressHUD */,
			);
		};
/* End PBXProject section */

/* Begin PBXResourcesBuildPhase section */
		EABE6DBA1D796416006B8639 /* Resources */ = {
			isa = PBXResourcesBuildPhase;
			buildActionMask = 2147483647;
			files = (
				EABE6DCA1D796417006B8639 /* LaunchScreen.storyboard in Resources */,
				EABE6DC71D796417006B8639 /* Assets.xcassets in Resources */,
				EABE6DC51D796417006B8639 /* Main.storyboard in Resources */,
			);
			runOnlyForDeploymentPostprocessing = 0;
		};
/* End PBXResourcesBuildPhase section */

/* Begin PBXSourcesBuildPhase section */
		EABE6DB81D796416006B8639 /* Sources */ = {
			isa = PBXSourcesBuildPhase;
			buildActionMask = 2147483647;
			files = (
				EAB7D5CB1DADE2D700C00BE8 /* StringExtension.swift in Sources */,
				EA0712D41D7D091A002F22A2 /* IndicatorHUD.swift in Sources */,
				EABE6DC21D796417006B8639 /* ViewController.swift in Sources */,
				EABE6DD51D7971ED006B8639 /* SwiftProgressHUD.swift in Sources */,
				EABE6DC01D796417006B8639 /* AppDelegate.swift in Sources */,
				EAB7D5C81DADD09300C00BE8 /* TextHUD.swift in Sources */,
			);
			runOnlyForDeploymentPostprocessing = 0;
		};
/* End PBXSourcesBuildPhase section */

/* Begin PBXVariantGroup section */
		EABE6DC31D796417006B8639 /* Main.storyboard */ = {
			isa = PBXVariantGroup;
			children = (
				EABE6DC41D796417006B8639 /* Base */,
			);
			name = Main.storyboard;
			sourceTree = "<group>";
		};
		EABE6DC81D796417006B8639 /* LaunchScreen.storyboard */ = {
			isa = PBXVariantGroup;
			children = (
				EABE6DC91D796417006B8639 /* Base */,
			);
			name = LaunchScreen.storyboard;
			sourceTree = "<group>";
		};
/* End PBXVariantGroup section */

/* Begin XCBuildConfiguration section */
		EABE6DCC1D796417006B8639 /* Debug */ = {
			isa = XCBuildConfiguration;
			buildSettings = {
				ALWAYS_SEARCH_USER_PATHS = NO;
				CLANG_ANALYZER_NONNULL = YES;
				CLANG_CXX_LANGUAGE_STANDARD = "gnu++0x";
				CLANG_CXX_LIBRARY = "libc++";
				CLANG_ENABLE_MODULES = YES;
				CLANG_ENABLE_OBJC_ARC = YES;
				CLANG_WARN_BOOL_CONVERSION = YES;
				CLANG_WARN_CONSTANT_CONVERSION = YES;
				CLANG_WARN_DIRECT_OBJC_ISA_USAGE = YES_ERROR;
				CLANG_WARN_EMPTY_BODY = YES;
				CLANG_WARN_ENUM_CONVERSION = YES;
				CLANG_WARN_INT_CONVERSION = YES;
				CLANG_WARN_OBJC_ROOT_CLASS = YES_ERROR;
				CLANG_WARN_UNREACHABLE_CODE = YES;
				CLANG_WARN__DUPLICATE_METHOD_MATCH = YES;
				"CODE_SIGN_IDENTITY[sdk=iphoneos*]" = "iPhone Developer";
				COPY_PHASE_STRIP = NO;
				DEBUG_INFORMATION_FORMAT = dwarf;
				ENABLE_STRICT_OBJC_MSGSEND = YES;
				ENABLE_TESTABILITY = YES;
				GCC_C_LANGUAGE_STANDARD = gnu99;
				GCC_DYNAMIC_NO_PIC = NO;
				GCC_NO_COMMON_BLOCKS = YES;
				GCC_OPTIMIZATION_LEVEL = 0;
				GCC_PREPROCESSOR_DEFINITIONS = (
					"DEBUG=1",
					"$(inherited)",
				);
				GCC_WARN_64_TO_32_BIT_CONVERSION = YES;
				GCC_WARN_ABOUT_RETURN_TYPE = YES_ERROR;
				GCC_WARN_UNDECLARED_SELECTOR = YES;
				GCC_WARN_UNINITIALIZED_AUTOS = YES_AGGRESSIVE;
				GCC_WARN_UNUSED_FUNCTION = YES;
				GCC_WARN_UNUSED_VARIABLE = YES;
				IPHONEOS_DEPLOYMENT_TARGET = 9.3;
				MTL_ENABLE_DEBUG_INFO = YES;
				ONLY_ACTIVE_ARCH = YES;
				SDKROOT = iphoneos;
				SWIFT_OPTIMIZATION_LEVEL = "-Onone";
			};
			name = Debug;
		};
		EABE6DCD1D796417006B8639 /* Release */ = {
			isa = XCBuildConfiguration;
			buildSettings = {
				ALWAYS_SEARCH_USER_PATHS = NO;
				CLANG_ANALYZER_NONNULL = YES;
				CLANG_CXX_LANGUAGE_STANDARD = "gnu++0x";
				CLANG_CXX_LIBRARY = "libc++";
				CLANG_ENABLE_MODULES = YES;
				CLANG_ENABLE_OBJC_ARC = YES;
				CLANG_WARN_BOOL_CONVERSION = YES;
				CLANG_WARN_CONSTANT_CONVERSION = YES;
				CLANG_WARN_DIRECT_OBJC_ISA_USAGE = YES_ERROR;
				CLANG_WARN_EMPTY_BODY = YES;
				CLANG_WARN_ENUM_CONVERSION = YES;
				CLANG_WARN_INT_CONVERSION = YES;
				CLANG_WARN_OBJC_ROOT_CLASS = YES_ERROR;
				CLANG_WARN_UNREACHABLE_CODE = YES;
				CLANG_WARN__DUPLICATE_METHOD_MATCH = YES;
				"CODE_SIGN_IDENTITY[sdk=iphoneos*]" = "iPhone Developer";
				COPY_PHASE_STRIP = NO;
				DEBUG_INFORMATION_FORMAT = "dwarf-with-dsym";
				ENABLE_NS_ASSERTIONS = NO;
				ENABLE_STRICT_OBJC_MSGSEND = YES;
				GCC_C_LANGUAGE_STANDARD = gnu99;
				GCC_NO_COMMON_BLOCKS = YES;
				GCC_WARN_64_TO_32_BIT_CONVERSION = YES;
				GCC_WARN_ABOUT_RETURN_TYPE = YES_ERROR;
				GCC_WARN_UNDECLARED_SELECTOR = YES;
				GCC_WARN_UNINITIALIZED_AUTOS = YES_AGGRESSIVE;
				GCC_WARN_UNUSED_FUNCTION = YES;
				GCC_WARN_UNUSED_VARIABLE = YES;
				IPHONEOS_DEPLOYMENT_TARGET = 9.3;
				MTL_ENABLE_DEBUG_INFO = NO;
				SDKROOT = iphoneos;
				VALIDATE_PRODUCT = YES;
			};
			name = Release;
		};
		EABE6DCF1D796417006B8639 /* Debug */ = {
			isa = XCBuildConfiguration;
			buildSettings = {
				ASSETCATALOG_COMPILER_APPICON_NAME = AppIcon;
				INFOPLIST_FILE = SwiftProgressHUD/Info.plist;
				LD_RUNPATH_SEARCH_PATHS = "$(inherited) @executable_path/Frameworks";
				PRODUCT_BUNDLE_IDENTIFIER = li.min.com.SwiftProgressHUD;
				PRODUCT_NAME = "$(TARGET_NAME)";
				SWIFT_VERSION = 3.0;
			};
			name = Debug;
		};
		EABE6DD01D796417006B8639 /* Release */ = {
			isa = XCBuildConfiguration;
			buildSettings = {
				ASSETCATALOG_COMPILER_APPICON_NAME = AppIcon;
				INFOPLIST_FILE = SwiftProgressHUD/Info.plist;
				LD_RUNPATH_SEARCH_PATHS = "$(inherited) @executable_path/Frameworks";
				PRODUCT_BUNDLE_IDENTIFIER = li.min.com.SwiftProgressHUD;
				PRODUCT_NAME = "$(TARGET_NAME)";
				SWIFT_VERSION = 3.0;
			};
			name = Release;
		};
/* End XCBuildConfiguration section */

/* Begin XCConfigurationList section */
		EABE6DB71D796416006B8639 /* Build configuration list for PBXProject "SwiftProgressHUD" */ = {
			isa = XCConfigurationList;
			buildConfigurations = (
				EABE6DCC1D796417006B8639 /* Debug */,
				EABE6DCD1D796417006B8639 /* Release */,
			);
			defaultConfigurationIsVisible = 0;
			defaultConfigurationName = Release;
		};
		EABE6DCE1D796417006B8639 /* Build configuration list for PBXNativeTarget "SwiftProgressHUD" */ = {
			isa = XCConfigurationList;
			buildConfigurations = (
				EABE6DCF1D796417006B8639 /* Debug */,
				EABE6DD01D796417006B8639 /* Release */,
			);
			defaultConfigurationIsVisible = 0;
			defaultConfigurationName = Release;
		};
/* End XCConfigurationList section */
	};
	rootObject = EABE6DB41D796416006B8639 /* Project object */;
}
